// !$*UTF8*$!
{
	archiveVersion = 1;
	classes = {
	};
	objectVersion = 55;
	objects = {

/* Begin PBXBuildFile section */
		0CFE7BC3286A2A6500CA5119 /* ButtonView.swift in Sources */ = {isa = PBXBuildFile; fileRef = 0CFE7BC2286A2A6500CA5119 /* ButtonView.swift */; };
		ABAE5BEB28604E4A008ED665 /* .swiftlint.yml in Resources */ = {isa = PBXBuildFile; fileRef = ABAE5BEA28604E4A008ED665 /* .swiftlint.yml */; };
		ABAF1D19283B78F100F890BC /* portfolio_ios_swiftuiApp.swift in Sources */ = {isa = PBXBuildFile; fileRef = ABAF1D18283B78F100F890BC /* portfolio_ios_swiftuiApp.swift */; };
		ABAF1D1B283B78F100F890BC /* ContentView.swift in Sources */ = {isa = PBXBuildFile; fileRef = ABAF1D1A283B78F100F890BC /* ContentView.swift */; };
		ABAF1D1D283B78F800F890BC /* Assets.xcassets in Resources */ = {isa = PBXBuildFile; fileRef = ABAF1D1C283B78F800F890BC /* Assets.xcassets */; };
		ABAF1D20283B78F800F890BC /* Preview Assets.xcassets in Resources */ = {isa = PBXBuildFile; fileRef = ABAF1D1F283B78F800F890BC /* Preview Assets.xcassets */; };
		ABDA951F286996FA00C7C735 /* TextView.swift in Sources */ = {isa = PBXBuildFile; fileRef = ABDA951E286996FA00C7C735 /* TextView.swift */; };
		E7F222E328732E28006FEA74 /* CommonButtonView.swift in Sources */ = {isa = PBXBuildFile; fileRef = E7F222E228732E28006FEA74 /* CommonButtonView.swift */; };
/* End PBXBuildFile section */

/* Begin PBXFileReference section */
		0CFE7BC2286A2A6500CA5119 /* ButtonView.swift */ = {isa = PBXFileReference; lastKnownFileType = sourcecode.swift; path = ButtonView.swift; sourceTree = "<group>"; };
		ABAE5BEA28604E4A008ED665 /* .swiftlint.yml */ = {isa = PBXFileReference; lastKnownFileType = text.yaml; path = .swiftlint.yml; sourceTree = "<group>"; };
		ABAF1D15283B78F100F890BC /* portfolio-ios-swiftui.app */ = {isa = PBXFileReference; explicitFileType = wrapper.application; includeInIndex = 0; path = "portfolio-ios-swiftui.app"; sourceTree = BUILT_PRODUCTS_DIR; };
		ABAF1D18283B78F100F890BC /* portfolio_ios_swiftuiApp.swift */ = {isa = PBXFileReference; lastKnownFileType = sourcecode.swift; path = portfolio_ios_swiftuiApp.swift; sourceTree = "<group>"; };
		ABAF1D1A283B78F100F890BC /* ContentView.swift */ = {isa = PBXFileReference; lastKnownFileType = sourcecode.swift; path = ContentView.swift; sourceTree = "<group>"; };
		ABAF1D1C283B78F800F890BC /* Assets.xcassets */ = {isa = PBXFileReference; lastKnownFileType = folder.assetcatalog; path = Assets.xcassets; sourceTree = "<group>"; };
		ABAF1D1F283B78F800F890BC /* Preview Assets.xcassets */ = {isa = PBXFileReference; lastKnownFileType = folder.assetcatalog; path = "Preview Assets.xcassets"; sourceTree = "<group>"; };
		ABDA951E286996FA00C7C735 /* TextView.swift */ = {isa = PBXFileReference; lastKnownFileType = sourcecode.swift; path = TextView.swift; sourceTree = "<group>"; };
		E7F222E228732E28006FEA74 /* CommonButtonView.swift */ = {isa = PBXFileReference; lastKnownFileType = sourcecode.swift; path = CommonButtonView.swift; sourceTree = "<group>"; };
/* End PBXFileReference section */

/* Begin PBXFrameworksBuildPhase section */
		ABAF1D12283B78F100F890BC /* Frameworks */ = {
			isa = PBXFrameworksBuildPhase;
			buildActionMask = 2147483647;
			files = (
			);
			runOnlyForDeploymentPostprocessing = 0;
		};
/* End PBXFrameworksBuildPhase section */

/* Begin PBXGroup section */
		ABAF1D0C283B78F100F890BC = {
			isa = PBXGroup;
			children = (
				ABAE5BEA28604E4A008ED665 /* .swiftlint.yml */,
				ABAF1D17283B78F100F890BC /* portfolio-ios-swiftui */,
				ABAF1D16283B78F100F890BC /* Products */,
			);
			sourceTree = "<group>";
		};
		ABAF1D16283B78F100F890BC /* Products */ = {
			isa = PBXGroup;
			children = (
				ABAF1D15283B78F100F890BC /* portfolio-ios-swiftui.app */,
			);
			name = Products;
			sourceTree = "<group>";
		};
		ABAF1D17283B78F100F890BC /* portfolio-ios-swiftui */ = {
			isa = PBXGroup;
			children = (
				ABB3AD30284DEA84004C012E /* View */,
				ABB3AD2E284DEA5B004C012E /* Store */,
				ABB3AD2C284DEA29004C012E /* Dispatcher */,
				ABB3AD2A284DEA02004C012E /* Actions */,
				ABAF1D18283B78F100F890BC /* portfolio_ios_swiftuiApp.swift */,
				ABAF1D1A283B78F100F890BC /* ContentView.swift */,
				ABAF1D1C283B78F800F890BC /* Assets.xcassets */,
				ABAF1D1E283B78F800F890BC /* Preview Content */,
			);
			path = "portfolio-ios-swiftui";
			sourceTree = "<group>";
		};
		ABAF1D1E283B78F800F890BC /* Preview Content */ = {
			isa = PBXGroup;
			children = (
				ABAF1D1F283B78F800F890BC /* Preview Assets.xcassets */,
			);
			path = "Preview Content";
			sourceTree = "<group>";
		};
		ABB3AD2A284DEA02004C012E /* Actions */ = {
			isa = PBXGroup;
			children = (
				ABB3AD2B284DEA18004C012E /* ActionCreators */,
			);
			path = Actions;
			sourceTree = "<group>";
		};
		ABB3AD2B284DEA18004C012E /* ActionCreators */ = {
			isa = PBXGroup;
			children = (
			);
			path = ActionCreators;
			sourceTree = "<group>";
		};
		ABB3AD2C284DEA29004C012E /* Dispatcher */ = {
			isa = PBXGroup;
			children = (
				ABB3AD2D284DEA43004C012E /* NotificationCenter */,
			);
			path = Dispatcher;
			sourceTree = "<group>";
		};
		ABB3AD2D284DEA43004C012E /* NotificationCenter */ = {
			isa = PBXGroup;
			children = (
			);
			path = NotificationCenter;
			sourceTree = "<group>";
		};
		ABB3AD2E284DEA5B004C012E /* Store */ = {
			isa = PBXGroup;
			children = (
				ABB3AD2F284DEA66004C012E /* KeyValueObserving */,
			);
			path = Store;
			sourceTree = "<group>";
		};
		ABB3AD2F284DEA66004C012E /* KeyValueObserving */ = {
			isa = PBXGroup;
			children = (
			);
			path = KeyValueObserving;
			sourceTree = "<group>";
		};
		ABB3AD30284DEA84004C012E /* View */ = {
			isa = PBXGroup;
			children = (
				ABDA9519286994B600C7C735 /* Atom */,
				ABB3AD31284DEA90004C012E /* UserIntaraction */,
			);
			path = View;
			sourceTree = "<group>";
		};
		ABB3AD31284DEA90004C012E /* UserIntaraction */ = {
			isa = PBXGroup;
			children = (
			);
			path = UserIntaraction;
			sourceTree = "<group>";
		};
		ABDA9519286994B600C7C735 /* Atom */ = {
			isa = PBXGroup;
			children = (
				ABDA951E286996FA00C7C735 /* TextView.swift */,
				0CFE7BC2286A2A6500CA5119 /* ButtonView.swift */,
				E7F222E228732E28006FEA74 /* CommonButtonView.swift */,
			);
			path = Atom;
			sourceTree = "<group>";
		};
/* End PBXGroup section */

/* Begin PBXNativeTarget section */
		ABAF1D14283B78F100F890BC /* portfolio-ios-swiftui */ = {
			isa = PBXNativeTarget;
			buildConfigurationList = ABAF1D23283B78F800F890BC /* Build configuration list for PBXNativeTarget "portfolio-ios-swiftui" */;
			buildPhases = (
				ABAF1D11283B78F100F890BC /* Sources */,
				ABAF1D12283B78F100F890BC /* Frameworks */,
				ABAF1D13283B78F100F890BC /* Resources */,
				ABAE5BE928604B2A008ED665 /* ShellScript */,
			);
			buildRules = (
			);
			dependencies = (
			);
			name = "portfolio-ios-swiftui";
			productName = "portfolio-ios-swiftui";
			productReference = ABAF1D15283B78F100F890BC /* portfolio-ios-swiftui.app */;
			productType = "com.apple.product-type.application";
		};
/* End PBXNativeTarget section */

/* Begin PBXProject section */
		ABAF1D0D283B78F100F890BC /* Project object */ = {
			isa = PBXProject;
			attributes = {
				BuildIndependentTargetsInParallel = 1;
				LastSwiftUpdateCheck = 1330;
				LastUpgradeCheck = 1330;
				TargetAttributes = {
					ABAF1D14283B78F100F890BC = {
						CreatedOnToolsVersion = 13.3.1;
					};
				};
			};
			buildConfigurationList = ABAF1D10283B78F100F890BC /* Build configuration list for PBXProject "portfolio-ios-swiftui" */;
			compatibilityVersion = "Xcode 13.0";
			developmentRegion = en;
			hasScannedForEncodings = 0;
			knownRegions = (
				en,
				Base,
			);
			mainGroup = ABAF1D0C283B78F100F890BC;
			productRefGroup = ABAF1D16283B78F100F890BC /* Products */;
			projectDirPath = "";
			projectRoot = "";
			targets = (
				ABAF1D14283B78F100F890BC /* portfolio-ios-swiftui */,
			);
		};
/* End PBXProject section */

/* Begin PBXResourcesBuildPhase section */
		ABAF1D13283B78F100F890BC /* Resources */ = {
			isa = PBXResourcesBuildPhase;
			buildActionMask = 2147483647;
			files = (
				ABAE5BEB28604E4A008ED665 /* .swiftlint.yml in Resources */,
				ABAF1D20283B78F800F890BC /* Preview Assets.xcassets in Resources */,
				ABAF1D1D283B78F800F890BC /* Assets.xcassets in Resources */,
			);
			runOnlyForDeploymentPostprocessing = 0;
		};
/* End PBXResourcesBuildPhase section */

/* Begin PBXShellScriptBuildPhase section */
		ABAE5BE928604B2A008ED665 /* ShellScript */ = {
			isa = PBXShellScriptBuildPhase;
			buildActionMask = 2147483647;
			files = (
			);
			inputFileListPaths = (
			);
			inputPaths = (
			);
			outputFileListPaths = (
			);
			outputPaths = (
			);
			runOnlyForDeploymentPostprocessing = 0;
			shellPath = /bin/sh;
			shellScript = "# Type a script or drag a script file from your workspace to insert its path.\nif which swiftlint >/dev/null; then\n  swiftlint\nelse\n  echo \"SwiftLint does not exist, download from https://github.com/realm/SwiftLint\"\nfi\n\nif which swiftlint >/dev/null; then\n  swiftlint autocorrect --format # 自動修正の有効化\n  swiftlint\nelse\n  echo \"SwiftLint does not exist, download from https://github.com/realm/SwiftLint\"\nfi\n";
		};
/* End PBXShellScriptBuildPhase section */

/* Begin PBXSourcesBuildPhase section */
		ABAF1D11283B78F100F890BC /* Sources */ = {
			isa = PBXSourcesBuildPhase;
			buildActionMask = 2147483647;
			files = (
				ABDA951F286996FA00C7C735 /* TextView.swift in Sources */,
				ABAF1D1B283B78F100F890BC /* ContentView.swift in Sources */,
				0CFE7BC3286A2A6500CA5119 /* ButtonView.swift in Sources */,
				E7F222E328732E28006FEA74 /* CommonButtonView.swift in Sources */,
				ABAF1D19283B78F100F890BC /* portfolio_ios_swiftuiApp.swift in Sources */,
			);
			runOnlyForDeploymentPostprocessing = 0;
		};
/* End PBXSourcesBuildPhase section */

/* Begin XCBuildConfiguration section */
		ABAF1D21283B78F800F890BC /* Debug */ = {
			isa = XCBuildConfiguration;
			buildSettings = {
				ALWAYS_SEARCH_USER_PATHS = NO;
				CLANG_ANALYZER_NONNULL = YES;
				CLANG_ANALYZER_NUMBER_OBJECT_CONVERSION = YES_AGGRESSIVE;
				CLANG_CXX_LANGUAGE_STANDARD = "gnu++17";
				CLANG_ENABLE_MODULES = YES;
				CLANG_ENABLE_OBJC_ARC = YES;
				CLANG_ENABLE_OBJC_WEAK = YES;
				CLANG_WARN_BLOCK_CAPTURE_AUTORELEASING = YES;
				CLANG_WARN_BOOL_CONVERSION = YES;
				CLANG_WARN_COMMA = YES;
				CLANG_WARN_CONSTANT_CONVERSION = YES;
				CLANG_WARN_DEPRECATED_OBJC_IMPLEMENTATIONS = YES;
				CLANG_WARN_DIRECT_OBJC_ISA_USAGE = YES_ERROR;
				CLANG_WARN_DOCUMENTATION_COMMENTS = YES;
				CLANG_WARN_EMPTY_BODY = YES;
				CLANG_WARN_ENUM_CONVERSION = YES;
				CLANG_WARN_INFINITE_RECURSION = YES;
				CLANG_WARN_INT_CONVERSION = YES;
				CLANG_WARN_NON_LITERAL_NULL_CONVERSION = YES;
				CLANG_WARN_OBJC_IMPLICIT_RETAIN_SELF = YES;
				CLANG_WARN_OBJC_LITERAL_CONVERSION = YES;
				CLANG_WARN_OBJC_ROOT_CLASS = YES_ERROR;
				CLANG_WARN_QUOTED_INCLUDE_IN_FRAMEWORK_HEADER = YES;
				CLANG_WARN_RANGE_LOOP_ANALYSIS = YES;
				CLANG_WARN_STRICT_PROTOTYPES = YES;
				CLANG_WARN_SUSPICIOUS_MOVE = YES;
				CLANG_WARN_UNGUARDED_AVAILABILITY = YES_AGGRESSIVE;
				CLANG_WARN_UNREACHABLE_CODE = YES;
				CLANG_WARN__DUPLICATE_METHOD_MATCH = YES;
				COPY_PHASE_STRIP = NO;
				DEBUG_INFORMATION_FORMAT = dwarf;
				ENABLE_STRICT_OBJC_MSGSEND = YES;
				ENABLE_TESTABILITY = YES;
				GCC_C_LANGUAGE_STANDARD = gnu11;
				GCC_DYNAMIC_NO_PIC = NO;
				GCC_NO_COMMON_BLOCKS = YES;
				GCC_OPTIMIZATION_LEVEL = 0;
				GCC_PREPROCESSOR_DEFINITIONS = (
					"DEBUG=1",
					"$(inherited)",
				);
				GCC_WARN_64_TO_32_BIT_CONVERSION = YES;
				GCC_WARN_ABOUT_RETURN_TYPE = YES_ERROR;
				GCC_WARN_UNDECLARED_SELECTOR = YES;
				GCC_WARN_UNINITIALIZED_AUTOS = YES_AGGRESSIVE;
				GCC_WARN_UNUSED_FUNCTION = YES;
				GCC_WARN_UNUSED_VARIABLE = YES;
				IPHONEOS_DEPLOYMENT_TARGET = 14.0;
				MTL_ENABLE_DEBUG_INFO = INCLUDE_SOURCE;
				MTL_FAST_MATH = YES;
				ONLY_ACTIVE_ARCH = YES;
				SDKROOT = iphoneos;
				SWIFT_ACTIVE_COMPILATION_CONDITIONS = DEBUG;
				SWIFT_OPTIMIZATION_LEVEL = "-Onone";
			};
			name = Debug;
		};
		ABAF1D22283B78F800F890BC /* Release */ = {
			isa = XCBuildConfiguration;
			buildSettings = {
				ALWAYS_SEARCH_USER_PATHS = NO;
				CLANG_ANALYZER_NONNULL = YES;
				CLANG_ANALYZER_NUMBER_OBJECT_CONVERSION = YES_AGGRESSIVE;
				CLANG_CXX_LANGUAGE_STANDARD = "gnu++17";
				CLANG_ENABLE_MODULES = YES;
				CLANG_ENABLE_OBJC_ARC = YES;
				CLANG_ENABLE_OBJC_WEAK = YES;
				CLANG_WARN_BLOCK_CAPTURE_AUTORELEASING = YES;
				CLANG_WARN_BOOL_CONVERSION = YES;
				CLANG_WARN_COMMA = YES;
				CLANG_WARN_CONSTANT_CONVERSION = YES;
				CLANG_WARN_DEPRECATED_OBJC_IMPLEMENTATIONS = YES;
				CLANG_WARN_DIRECT_OBJC_ISA_USAGE = YES_ERROR;
				CLANG_WARN_DOCUMENTATION_COMMENTS = YES;
				CLANG_WARN_EMPTY_BODY = YES;
				CLANG_WARN_ENUM_CONVERSION = YES;
				CLANG_WARN_INFINITE_RECURSION = YES;
				CLANG_WARN_INT_CONVERSION = YES;
				CLANG_WARN_NON_LITERAL_NULL_CONVERSION = YES;
				CLANG_WARN_OBJC_IMPLICIT_RETAIN_SELF = YES;
				CLANG_WARN_OBJC_LITERAL_CONVERSION = YES;
				CLANG_WARN_OBJC_ROOT_CLASS = YES_ERROR;
				CLANG_WARN_QUOTED_INCLUDE_IN_FRAMEWORK_HEADER = YES;
				CLANG_WARN_RANGE_LOOP_ANALYSIS = YES;
				CLANG_WARN_STRICT_PROTOTYPES = YES;
				CLANG_WARN_SUSPICIOUS_MOVE = YES;
				CLANG_WARN_UNGUARDED_AVAILABILITY = YES_AGGRESSIVE;
				CLANG_WARN_UNREACHABLE_CODE = YES;
				CLANG_WARN__DUPLICATE_METHOD_MATCH = YES;
				COPY_PHASE_STRIP = NO;
				DEBUG_INFORMATION_FORMAT = "dwarf-with-dsym";
				ENABLE_NS_ASSERTIONS = NO;
				ENABLE_STRICT_OBJC_MSGSEND = YES;
				GCC_C_LANGUAGE_STANDARD = gnu11;
				GCC_NO_COMMON_BLOCKS = YES;
				GCC_WARN_64_TO_32_BIT_CONVERSION = YES;
				GCC_WARN_ABOUT_RETURN_TYPE = YES_ERROR;
				GCC_WARN_UNDECLARED_SELECTOR = YES;
				GCC_WARN_UNINITIALIZED_AUTOS = YES_AGGRESSIVE;
				GCC_WARN_UNUSED_FUNCTION = YES;
				GCC_WARN_UNUSED_VARIABLE = YES;
				IPHONEOS_DEPLOYMENT_TARGET = 14.0;
				MTL_ENABLE_DEBUG_INFO = NO;
				MTL_FAST_MATH = YES;
				SDKROOT = iphoneos;
				SWIFT_COMPILATION_MODE = wholemodule;
				SWIFT_OPTIMIZATION_LEVEL = "-O";
				VALIDATE_PRODUCT = YES;
			};
			name = Release;
		};
		ABAF1D24283B78F800F890BC /* Debug */ = {
			isa = XCBuildConfiguration;
			buildSettings = {
				ASSETCATALOG_COMPILER_APPICON_NAME = AppIcon;
				ASSETCATALOG_COMPILER_GLOBAL_ACCENT_COLOR_NAME = AccentColor;
				CODE_SIGN_STYLE = Automatic;
				CURRENT_PROJECT_VERSION = 1;
				DEVELOPMENT_ASSET_PATHS = "\"portfolio-ios-swiftui/Preview Content\"";
				ENABLE_PREVIEWS = YES;
				GENERATE_INFOPLIST_FILE = YES;
				INFOPLIST_KEY_UIApplicationSceneManifest_Generation = YES;
				INFOPLIST_KEY_UIApplicationSupportsIndirectInputEvents = YES;
				INFOPLIST_KEY_UILaunchScreen_Generation = YES;
				INFOPLIST_KEY_UISupportedInterfaceOrientations_iPad = "UIInterfaceOrientationPortrait UIInterfaceOrientationPortraitUpsideDown UIInterfaceOrientationLandscapeLeft UIInterfaceOrientationLandscapeRight";
				INFOPLIST_KEY_UISupportedInterfaceOrientations_iPhone = "UIInterfaceOrientationPortrait UIInterfaceOrientationLandscapeLeft UIInterfaceOrientationLandscapeRight";
				IPHONEOS_DEPLOYMENT_TARGET = 15.2;
				LD_RUNPATH_SEARCH_PATHS = (
					"$(inherited)",
					"@executable_path/Frameworks",
				);
				MARKETING_VERSION = 1.0;
				PRODUCT_BUNDLE_IDENTIFIER = "jp.ac.fun..portfolio-ios-swiftui";
				PRODUCT_NAME = "$(TARGET_NAME)";
				SWIFT_EMIT_LOC_STRINGS = YES;
				SWIFT_VERSION = 5.0;
				TARGETED_DEVICE_FAMILY = "1,2";
			};
			name = Debug;
		};
		ABAF1D25283B78F800F890BC /* Release */ = {
			isa = XCBuildConfiguration;
			buildSettings = {
				ASSETCATALOG_COMPILER_APPICON_NAME = AppIcon;
				ASSETCATALOG_COMPILER_GLOBAL_ACCENT_COLOR_NAME = AccentColor;
				CODE_SIGN_STYLE = Automatic;
				CURRENT_PROJECT_VERSION = 1;
				DEVELOPMENT_ASSET_PATHS = "\"portfolio-ios-swiftui/Preview Content\"";
				ENABLE_PREVIEWS = YES;
				GENERATE_INFOPLIST_FILE = YES;
				INFOPLIST_KEY_UIApplicationSceneManifest_Generation = YES;
				INFOPLIST_KEY_UIApplicationSupportsIndirectInputEvents = YES;
				INFOPLIST_KEY_UILaunchScreen_Generation = YES;
				INFOPLIST_KEY_UISupportedInterfaceOrientations_iPad = "UIInterfaceOrientationPortrait UIInterfaceOrientationPortraitUpsideDown UIInterfaceOrientationLandscapeLeft UIInterfaceOrientationLandscapeRight";
				INFOPLIST_KEY_UISupportedInterfaceOrientations_iPhone = "UIInterfaceOrientationPortrait UIInterfaceOrientationLandscapeLeft UIInterfaceOrientationLandscapeRight";
				IPHONEOS_DEPLOYMENT_TARGET = 15.2;
				LD_RUNPATH_SEARCH_PATHS = (
					"$(inherited)",
					"@executable_path/Frameworks",
				);
				MARKETING_VERSION = 1.0;
				PRODUCT_BUNDLE_IDENTIFIER = "jp.ac.fun..portfolio-ios-swiftui";
				PRODUCT_NAME = "$(TARGET_NAME)";
				SWIFT_EMIT_LOC_STRINGS = YES;
				SWIFT_VERSION = 5.0;
				TARGETED_DEVICE_FAMILY = "1,2";
			};
			name = Release;
		};
/* End XCBuildConfiguration section */

/* Begin XCConfigurationList section */
		ABAF1D10283B78F100F890BC /* Build configuration list for PBXProject "portfolio-ios-swiftui" */ = {
			isa = XCConfigurationList;
			buildConfigurations = (
				ABAF1D21283B78F800F890BC /* Debug */,
				ABAF1D22283B78F800F890BC /* Release */,
			);
			defaultConfigurationIsVisible = 0;
			defaultConfigurationName = Release;
		};
		ABAF1D23283B78F800F890BC /* Build configuration list for PBXNativeTarget "portfolio-ios-swiftui" */ = {
			isa = XCConfigurationList;
			buildConfigurations = (
				ABAF1D24283B78F800F890BC /* Debug */,
				ABAF1D25283B78F800F890BC /* Release */,
			);
			defaultConfigurationIsVisible = 0;
			defaultConfigurationName = Release;
		};
/* End XCConfigurationList section */
	};
	rootObject = ABAF1D0D283B78F100F890BC /* Project object */;
}
