// !$*UTF8*$!
{
	archiveVersion = 1;
	classes = {
	};
	objectVersion = 55;
	objects = {

/* Begin PBXBuildFile section */
		0483FA3C290669BC001866C9 /* IconView.swift in Sources */ = {isa = PBXBuildFile; fileRef = 0483FA3B290669BC001866C9 /* IconView.swift */; };
		0CD869B42A2485400024F0BA /* MyPageView.swift in Sources */ = {isa = PBXBuildFile; fileRef = 0CD869B32A2485400024F0BA /* MyPageView.swift */; };
		0CD869B62A2497D90024F0BA /* GroupPageView.swift in Sources */ = {isa = PBXBuildFile; fileRef = 0CD869B52A2497D90024F0BA /* GroupPageView.swift */; };
		0CF733722A2DBB7200680560 /* CollectionView.swift in Sources */ = {isa = PBXBuildFile; fileRef = 0CF733712A2DBB7200680560 /* CollectionView.swift */; };
		0CF733742A36FA2000680560 /* TagView.swift in Sources */ = {isa = PBXBuildFile; fileRef = 0CF733732A36FA2000680560 /* TagView.swift */; };
		0CFE7BC3286A2A6500CA5119 /* ButtonView.swift in Sources */ = {isa = PBXBuildFile; fileRef = 0CFE7BC2286A2A6500CA5119 /* ButtonView.swift */; };
		AA31E7F828EAD00B00DCE061 /* FloatingActionButtonView.swift in Sources */ = {isa = PBXBuildFile; fileRef = AA31E7F728EAD00B00DCE061 /* FloatingActionButtonView.swift */; };
		AA31E7FA28F542C700DCE061 /* TestView1.swift in Sources */ = {isa = PBXBuildFile; fileRef = AA31E7F928F542C700DCE061 /* TestView1.swift */; };
		AA31E7FC28F542D900DCE061 /* TestView2.swift in Sources */ = {isa = PBXBuildFile; fileRef = AA31E7FB28F542D900DCE061 /* TestView2.swift */; };
		AA31E800290F9C9F00DCE061 /* TabBarView.swift in Sources */ = {isa = PBXBuildFile; fileRef = AA31E7FF290F9C9F00DCE061 /* TabBarView.swift */; };
		AADD20EC292B6A45008EE02E /* PublishingSettingToggleButtonView.swift in Sources */ = {isa = PBXBuildFile; fileRef = AADD20EB292B6A45008EE02E /* PublishingSettingToggleButtonView.swift */; };
		AB58414C299B01D200FD9493 /* IndividualDetalisView.swift in Sources */ = {isa = PBXBuildFile; fileRef = AB58414B299B01D200FD9493 /* IndividualDetalisView.swift */; };
		AB58414F299B520F00FD9493 /* YouTubePlayerKit in Frameworks */ = {isa = PBXBuildFile; productRef = AB58414E299B520F00FD9493 /* YouTubePlayerKit */; };
		AB633C8A299F1A2100F57244 /* ImageSelectView.swift in Sources */ = {isa = PBXBuildFile; fileRef = AB633C89299F1A2100F57244 /* ImageSelectView.swift */; };
		AB73167F2A691F26006BB78A /* TagView.swift in Sources */ = {isa = PBXBuildFile; fileRef = AB73167E2A691F26006BB78A /* TagView.swift */; };
		AB7316812A6920B5006BB78A /* ColorExtension.swift in Sources */ = {isa = PBXBuildFile; fileRef = AB7316802A6920B5006BB78A /* ColorExtension.swift */; };
		ABAE5BEB28604E4A008ED665 /* .swiftlint.yml in Resources */ = {isa = PBXBuildFile; fileRef = ABAE5BEA28604E4A008ED665 /* .swiftlint.yml */; };
		ABAF1D1B283B78F100F890BC /* ContentView.swift in Sources */ = {isa = PBXBuildFile; fileRef = ABAF1D1A283B78F100F890BC /* ContentView.swift */; };
		ABAF1D1D283B78F800F890BC /* Assets.xcassets in Resources */ = {isa = PBXBuildFile; fileRef = ABAF1D1C283B78F800F890BC /* Assets.xcassets */; };
		ABAF1D20283B78F800F890BC /* Preview Assets.xcassets in Resources */ = {isa = PBXBuildFile; fileRef = ABAF1D1F283B78F800F890BC /* Preview Assets.xcassets */; };
		ABBA769F299CE6C40061CD50 /* Work.swift in Sources */ = {isa = PBXBuildFile; fileRef = ABBA769E299CE6C40061CD50 /* Work.swift */; };
		ABBA76A1299CFCE30061CD50 /* WorkViewModel.swift in Sources */ = {isa = PBXBuildFile; fileRef = ABBA76A0299CFCE30061CD50 /* WorkViewModel.swift */; };
		ABBA76A3299DD2570061CD50 /* WorkDatailAPIService.swift in Sources */ = {isa = PBXBuildFile; fileRef = ABBA76A2299DD2570061CD50 /* WorkDatailAPIService.swift */; };
		ABC44B202918F62D00BBE1A6 /* LoginViewModel.swift in Sources */ = {isa = PBXBuildFile; fileRef = ABC44B182918F62D00BBE1A6 /* LoginViewModel.swift */; };
		ABC44B212918F62D00BBE1A6 /* LoginPage.swift in Sources */ = {isa = PBXBuildFile; fileRef = ABC44B192918F62D00BBE1A6 /* LoginPage.swift */; };
		ABC44B222918F62D00BBE1A6 /* Auth.swift in Sources */ = {isa = PBXBuildFile; fileRef = ABC44B1B2918F62D00BBE1A6 /* Auth.swift */; };
		ABC44B232918F62D00BBE1A6 /* User.swift in Sources */ = {isa = PBXBuildFile; fileRef = ABC44B1C2918F62D00BBE1A6 /* User.swift */; };
		ABC44B242918F62D00BBE1A6 /* APIServiceError.swift in Sources */ = {isa = PBXBuildFile; fileRef = ABC44B1E2918F62D00BBE1A6 /* APIServiceError.swift */; };
		ABC44B252918F62D00BBE1A6 /* LoginService.swift in Sources */ = {isa = PBXBuildFile; fileRef = ABC44B1F2918F62D00BBE1A6 /* LoginService.swift */; };
		ABC44B272918F93200BBE1A6 /* portfolio_ios_swiftuiApp.swift in Sources */ = {isa = PBXBuildFile; fileRef = ABC44B262918F93200BBE1A6 /* portfolio_ios_swiftuiApp.swift */; };
		ABDA951F286996FA00C7C735 /* TextView.swift in Sources */ = {isa = PBXBuildFile; fileRef = ABDA951E286996FA00C7C735 /* TextView.swift */; };
		FC7EC30D28EAC89300600302 /* TextField.swift in Sources */ = {isa = PBXBuildFile; fileRef = FC7EC30C28EAC89300600302 /* TextField.swift */; };
/* End PBXBuildFile section */

/* Begin PBXFileReference section */
		0483FA3B290669BC001866C9 /* IconView.swift */ = {isa = PBXFileReference; fileEncoding = 4; lastKnownFileType = sourcecode.swift; path = IconView.swift; sourceTree = "<group>"; };
		0CD869B32A2485400024F0BA /* MyPageView.swift */ = {isa = PBXFileReference; lastKnownFileType = sourcecode.swift; path = MyPageView.swift; sourceTree = "<group>"; };
		0CD869B52A2497D90024F0BA /* GroupPageView.swift */ = {isa = PBXFileReference; lastKnownFileType = sourcecode.swift; path = GroupPageView.swift; sourceTree = "<group>"; };
		0CF733712A2DBB7200680560 /* CollectionView.swift */ = {isa = PBXFileReference; lastKnownFileType = sourcecode.swift; path = CollectionView.swift; sourceTree = "<group>"; };
		0CF733732A36FA2000680560 /* TagView.swift */ = {isa = PBXFileReference; lastKnownFileType = sourcecode.swift; path = TagView.swift; sourceTree = "<group>"; };
		0CFE7BC2286A2A6500CA5119 /* ButtonView.swift */ = {isa = PBXFileReference; lastKnownFileType = sourcecode.swift; path = ButtonView.swift; sourceTree = "<group>"; };
		AA31E7F728EAD00B00DCE061 /* FloatingActionButtonView.swift */ = {isa = PBXFileReference; lastKnownFileType = sourcecode.swift; path = FloatingActionButtonView.swift; sourceTree = "<group>"; };
		AA31E7F928F542C700DCE061 /* TestView1.swift */ = {isa = PBXFileReference; lastKnownFileType = sourcecode.swift; path = TestView1.swift; sourceTree = "<group>"; };
		AA31E7FB28F542D900DCE061 /* TestView2.swift */ = {isa = PBXFileReference; lastKnownFileType = sourcecode.swift; path = TestView2.swift; sourceTree = "<group>"; };
		AA31E7FF290F9C9F00DCE061 /* TabBarView.swift */ = {isa = PBXFileReference; lastKnownFileType = sourcecode.swift; path = TabBarView.swift; sourceTree = "<group>"; };
		AADD20EB292B6A45008EE02E /* PublishingSettingToggleButtonView.swift */ = {isa = PBXFileReference; fileEncoding = 4; lastKnownFileType = sourcecode.swift; path = PublishingSettingToggleButtonView.swift; sourceTree = "<group>"; };
		AB5754BE2A4051950078DB4C /* Info.plist */ = {isa = PBXFileReference; lastKnownFileType = text.plist; path = Info.plist; sourceTree = "<group>"; };
		AB58414B299B01D200FD9493 /* IndividualDetalisView.swift */ = {isa = PBXFileReference; lastKnownFileType = sourcecode.swift; path = IndividualDetalisView.swift; sourceTree = "<group>"; };
		AB633C81299F10F300F57244 /* ImageSelectView.swift */ = {isa = PBXFileReference; fileEncoding = 4; lastKnownFileType = sourcecode.swift; path = ImageSelectView.swift; sourceTree = "<group>"; };
		AB633C89299F1A2100F57244 /* ImageSelectView.swift */ = {isa = PBXFileReference; fileEncoding = 4; lastKnownFileType = sourcecode.swift; path = ImageSelectView.swift; sourceTree = "<group>"; };
		AB73167E2A691F26006BB78A /* TagView.swift */ = {isa = PBXFileReference; fileEncoding = 4; lastKnownFileType = sourcecode.swift; path = TagView.swift; sourceTree = "<group>"; };
		AB7316802A6920B5006BB78A /* ColorExtension.swift */ = {isa = PBXFileReference; fileEncoding = 4; lastKnownFileType = sourcecode.swift; path = ColorExtension.swift; sourceTree = "<group>"; };
		ABAE5BEA28604E4A008ED665 /* .swiftlint.yml */ = {isa = PBXFileReference; lastKnownFileType = text.yaml; path = .swiftlint.yml; sourceTree = "<group>"; };
		ABAF1D15283B78F100F890BC /* portfolio-ios-swiftui.app */ = {isa = PBXFileReference; explicitFileType = wrapper.application; includeInIndex = 0; path = "portfolio-ios-swiftui.app"; sourceTree = BUILT_PRODUCTS_DIR; };
		ABAF1D1A283B78F100F890BC /* ContentView.swift */ = {isa = PBXFileReference; lastKnownFileType = sourcecode.swift; path = ContentView.swift; sourceTree = "<group>"; };
		ABAF1D1C283B78F800F890BC /* Assets.xcassets */ = {isa = PBXFileReference; lastKnownFileType = folder.assetcatalog; path = Assets.xcassets; sourceTree = "<group>"; };
		ABAF1D1F283B78F800F890BC /* Preview Assets.xcassets */ = {isa = PBXFileReference; lastKnownFileType = folder.assetcatalog; path = "Preview Assets.xcassets"; sourceTree = "<group>"; };
		ABBA769E299CE6C40061CD50 /* Work.swift */ = {isa = PBXFileReference; lastKnownFileType = sourcecode.swift; path = Work.swift; sourceTree = "<group>"; };
		ABBA76A0299CFCE30061CD50 /* WorkViewModel.swift */ = {isa = PBXFileReference; lastKnownFileType = sourcecode.swift; path = WorkViewModel.swift; sourceTree = "<group>"; };
		ABBA76A2299DD2570061CD50 /* WorkDatailAPIService.swift */ = {isa = PBXFileReference; lastKnownFileType = sourcecode.swift; path = WorkDatailAPIService.swift; sourceTree = "<group>"; };
		ABC44B182918F62D00BBE1A6 /* LoginViewModel.swift */ = {isa = PBXFileReference; fileEncoding = 4; lastKnownFileType = sourcecode.swift; path = LoginViewModel.swift; sourceTree = "<group>"; };
		ABC44B192918F62D00BBE1A6 /* LoginPage.swift */ = {isa = PBXFileReference; fileEncoding = 4; lastKnownFileType = sourcecode.swift; path = LoginPage.swift; sourceTree = "<group>"; };
		ABC44B1B2918F62D00BBE1A6 /* Auth.swift */ = {isa = PBXFileReference; fileEncoding = 4; lastKnownFileType = sourcecode.swift; path = Auth.swift; sourceTree = "<group>"; };
		ABC44B1C2918F62D00BBE1A6 /* User.swift */ = {isa = PBXFileReference; fileEncoding = 4; lastKnownFileType = sourcecode.swift; path = User.swift; sourceTree = "<group>"; };
		ABC44B1E2918F62D00BBE1A6 /* APIServiceError.swift */ = {isa = PBXFileReference; fileEncoding = 4; lastKnownFileType = sourcecode.swift; path = APIServiceError.swift; sourceTree = "<group>"; };
		ABC44B1F2918F62D00BBE1A6 /* LoginService.swift */ = {isa = PBXFileReference; fileEncoding = 4; lastKnownFileType = sourcecode.swift; path = LoginService.swift; sourceTree = "<group>"; };
		ABC44B262918F93200BBE1A6 /* portfolio_ios_swiftuiApp.swift */ = {isa = PBXFileReference; fileEncoding = 4; lastKnownFileType = sourcecode.swift; path = portfolio_ios_swiftuiApp.swift; sourceTree = "<group>"; };
		ABDA951E286996FA00C7C735 /* TextView.swift */ = {isa = PBXFileReference; lastKnownFileType = sourcecode.swift; path = TextView.swift; sourceTree = "<group>"; };
		FC7EC30C28EAC89300600302 /* TextField.swift */ = {isa = PBXFileReference; lastKnownFileType = sourcecode.swift; path = TextField.swift; sourceTree = "<group>"; };
/* End PBXFileReference section */

/* Begin PBXFrameworksBuildPhase section */
		ABAF1D12283B78F100F890BC /* Frameworks */ = {
			isa = PBXFrameworksBuildPhase;
			buildActionMask = 2147483647;
			files = (
				AB58414F299B520F00FD9493 /* YouTubePlayerKit in Frameworks */,
			);
			runOnlyForDeploymentPostprocessing = 0;
		};
/* End PBXFrameworksBuildPhase section */

/* Begin PBXGroup section */
		AA31E7FE290F9C5900DCE061 /* Organism */ = {
			isa = PBXGroup;
			children = (
				AA31E7FF290F9C9F00DCE061 /* TabBarView.swift */,
			);
			path = Organism;
			sourceTree = "<group>";
		};
		AB584149299B014B00FD9493 /* Works */ = {
			isa = PBXGroup;
			children = (
				AB58414B299B01D200FD9493 /* IndividualDetalisView.swift */,
				ABBA769C299CCA820061CD50 /* Model */,
				ABBA769D299CCA890061CD50 /* Service */,
				ABBA769B299CCA770061CD50 /* ViewModel */,
			);
			path = Works;
			sourceTree = "<group>";
		};
		AB633C83299F153A00F57244 /* Molecules */ = {
			isa = PBXGroup;
			children = (
				AB633C89299F1A2100F57244 /* ImageSelectView.swift */,
			);
			path = Molecules;
			sourceTree = "<group>";
		};
		AB633C87299F198600F57244 /* Recovered References */ = {
			isa = PBXGroup;
			children = (
				AB633C81299F10F300F57244 /* ImageSelectView.swift */,
			);
			name = "Recovered References";
			sourceTree = "<group>";
		};
		ABAF1D0C283B78F100F890BC = {
			isa = PBXGroup;
			children = (
				ABAE5BEA28604E4A008ED665 /* .swiftlint.yml */,
				ABAF1D17283B78F100F890BC /* portfolio-ios-swiftui */,
				ABAF1D16283B78F100F890BC /* Products */,
				AB633C87299F198600F57244 /* Recovered References */,
			);
			sourceTree = "<group>";
		};
		ABAF1D16283B78F100F890BC /* Products */ = {
			isa = PBXGroup;
			children = (
				ABAF1D15283B78F100F890BC /* portfolio-ios-swiftui.app */,
			);
			name = Products;
			sourceTree = "<group>";
		};
		ABAF1D17283B78F100F890BC /* portfolio-ios-swiftui */ = {
			isa = PBXGroup;
			children = (
				AB5754BE2A4051950078DB4C /* Info.plist */,
				ABB3AD30284DEA84004C012E /* View */,
				AB584149299B014B00FD9493 /* Works */,
				ABC44B162918F62D00BBE1A6 /* Login */,
				ABAF1D1A283B78F100F890BC /* ContentView.swift */,
				ABC44B262918F93200BBE1A6 /* portfolio_ios_swiftuiApp.swift */,
				ABAF1D1C283B78F800F890BC /* Assets.xcassets */,
				ABAF1D1E283B78F800F890BC /* Preview Content */,
			);
			path = "portfolio-ios-swiftui";
			sourceTree = "<group>";
		};
		ABAF1D1E283B78F800F890BC /* Preview Content */ = {
			isa = PBXGroup;
			children = (
				ABAF1D1F283B78F800F890BC /* Preview Assets.xcassets */,
			);
			path = "Preview Content";
			sourceTree = "<group>";
		};
		ABB3AD30284DEA84004C012E /* View */ = {
			isa = PBXGroup;
			children = (
				AB7316802A6920B5006BB78A /* ColorExtension.swift */,
				AB633C83299F153A00F57244 /* Molecules */,
				AA31E7FE290F9C5900DCE061 /* Organism */,
				ABDA9519286994B600C7C735 /* Atom */,
			);
			path = View;
			sourceTree = "<group>";
		};
		ABBA769B299CCA770061CD50 /* ViewModel */ = {
			isa = PBXGroup;
			children = (
				ABBA76A0299CFCE30061CD50 /* WorkViewModel.swift */,
			);
			path = ViewModel;
			sourceTree = "<group>";
		};
		ABBA769C299CCA820061CD50 /* Model */ = {
			isa = PBXGroup;
			children = (
				ABBA769E299CE6C40061CD50 /* Work.swift */,
			);
			path = Model;
			sourceTree = "<group>";
		};
		ABBA769D299CCA890061CD50 /* Service */ = {
			isa = PBXGroup;
			children = (
				ABBA76A2299DD2570061CD50 /* WorkDatailAPIService.swift */,
			);
			path = Service;
			sourceTree = "<group>";
		};
		ABC44B162918F62D00BBE1A6 /* Login */ = {
			isa = PBXGroup;
			children = (
				ABC44B192918F62D00BBE1A6 /* LoginPage.swift */,
				ABC44B172918F62D00BBE1A6 /* ViewModel */,
				ABC44B1A2918F62D00BBE1A6 /* Model */,
				ABC44B1D2918F62D00BBE1A6 /* Service */,
			);
			path = Login;
			sourceTree = "<group>";
		};
		ABC44B172918F62D00BBE1A6 /* ViewModel */ = {
			isa = PBXGroup;
			children = (
				ABC44B182918F62D00BBE1A6 /* LoginViewModel.swift */,
			);
			path = ViewModel;
			sourceTree = "<group>";
		};
		ABC44B1A2918F62D00BBE1A6 /* Model */ = {
			isa = PBXGroup;
			children = (
				ABC44B1B2918F62D00BBE1A6 /* Auth.swift */,
				ABC44B1C2918F62D00BBE1A6 /* User.swift */,
			);
			path = Model;
			sourceTree = "<group>";
		};
		ABC44B1D2918F62D00BBE1A6 /* Service */ = {
			isa = PBXGroup;
			children = (
				ABC44B1E2918F62D00BBE1A6 /* APIServiceError.swift */,
				ABC44B1F2918F62D00BBE1A6 /* LoginService.swift */,
			);
			path = Service;
			sourceTree = "<group>";
		};
		ABDA9519286994B600C7C735 /* Atom */ = {
			isa = PBXGroup;
			children = (
				0483FA3B290669BC001866C9 /* IconView.swift */,
				ABDA951E286996FA00C7C735 /* TextView.swift */,
				0CFE7BC2286A2A6500CA5119 /* ButtonView.swift */,
				FC7EC30C28EAC89300600302 /* TextField.swift */,
				AA31E7F728EAD00B00DCE061 /* FloatingActionButtonView.swift */,
				AB73167E2A691F26006BB78A /* TagView.swift */,
				AA31E7F928F542C700DCE061 /* TestView1.swift */,
				AA31E7FB28F542D900DCE061 /* TestView2.swift */,
				AADD20EB292B6A45008EE02E /* PublishingSettingToggleButtonView.swift */,
				0CD869B32A2485400024F0BA /* MyPageView.swift */,
				0CD869B52A2497D90024F0BA /* GroupPageView.swift */,
				0CF733712A2DBB7200680560 /* CollectionView.swift */,
				0CF733732A36FA2000680560 /* TagView.swift */,
			);
			path = Atom;
			sourceTree = "<group>";
		};
/* End PBXGroup section */

/* Begin PBXNativeTarget section */
		ABAF1D14283B78F100F890BC /* portfolio-ios-swiftui */ = {
			isa = PBXNativeTarget;
			buildConfigurationList = ABAF1D23283B78F800F890BC /* Build configuration list for PBXNativeTarget "portfolio-ios-swiftui" */;
			buildPhases = (
				ABAF1D11283B78F100F890BC /* Sources */,
				ABAF1D12283B78F100F890BC /* Frameworks */,
				ABAF1D13283B78F100F890BC /* Resources */,
				ABAE5BE928604B2A008ED665 /* ShellScript */,
			);
			buildRules = (
			);
			dependencies = (
			);
			name = "portfolio-ios-swiftui";
			packageProductDependencies = (
				AB58414E299B520F00FD9493 /* YouTubePlayerKit */,
			);
			productName = "portfolio-ios-swiftui";
			productReference = ABAF1D15283B78F100F890BC /* portfolio-ios-swiftui.app */;
			productType = "com.apple.product-type.application";
		};
/* End PBXNativeTarget section */

/* Begin PBXProject section */
		ABAF1D0D283B78F100F890BC /* Project object */ = {
			isa = PBXProject;
			attributes = {
				BuildIndependentTargetsInParallel = 1;
				LastSwiftUpdateCheck = 1330;
				LastUpgradeCheck = 1330;
				TargetAttributes = {
					ABAF1D14283B78F100F890BC = {
						CreatedOnToolsVersion = 13.3.1;
					};
				};
			};
			buildConfigurationList = ABAF1D10283B78F100F890BC /* Build configuration list for PBXProject "portfolio-ios-swiftui" */;
			compatibilityVersion = "Xcode 13.0";
			developmentRegion = en;
			hasScannedForEncodings = 0;
			knownRegions = (
				en,
				Base,
			);
			mainGroup = ABAF1D0C283B78F100F890BC;
			packageReferences = (
				AB58414D299B520F00FD9493 /* XCRemoteSwiftPackageReference "YouTubePlayerKit" */,
			);
			productRefGroup = ABAF1D16283B78F100F890BC /* Products */;
			projectDirPath = "";
			projectRoot = "";
			targets = (
				ABAF1D14283B78F100F890BC /* portfolio-ios-swiftui */,
			);
		};
/* End PBXProject section */

/* Begin PBXResourcesBuildPhase section */
		ABAF1D13283B78F100F890BC /* Resources */ = {
			isa = PBXResourcesBuildPhase;
			buildActionMask = 2147483647;
			files = (
				ABAE5BEB28604E4A008ED665 /* .swiftlint.yml in Resources */,
				ABAF1D20283B78F800F890BC /* Preview Assets.xcassets in Resources */,
				ABAF1D1D283B78F800F890BC /* Assets.xcassets in Resources */,
			);
			runOnlyForDeploymentPostprocessing = 0;
		};
/* End PBXResourcesBuildPhase section */

/* Begin PBXShellScriptBuildPhase section */
		ABAE5BE928604B2A008ED665 /* ShellScript */ = {
			isa = PBXShellScriptBuildPhase;
			buildActionMask = 2147483647;
			files = (
			);
			inputFileListPaths = (
			);
			inputPaths = (
			);
			outputFileListPaths = (
			);
			outputPaths = (
			);
			runOnlyForDeploymentPostprocessing = 0;
			shellPath = /bin/sh;
			shellScript = "# Type a script or drag a script file from your workspace to insert its path.\nif test -d /opt/homebrew/bin; then\n    PATH=/opt/homebrew/bin/:$PATH\nfi\n\nif which swiftlint >/dev/null; then\n  swiftlint\nelse\n  echo \"SwiftLint does not exist, download from https://github.com/realm/SwiftLint\"\nfi\n\nif which swiftlint >/dev/null; then\n  swiftlint autocorrect --format # 自動修正の有効化\n  swiftlint\nelse\n  echo \"SwiftLint does not exist, download from https://github.com/realm/SwiftLint\"\nfi\n";
		};
/* End PBXShellScriptBuildPhase section */

/* Begin PBXSourcesBuildPhase section */
		ABAF1D11283B78F100F890BC /* Sources */ = {
			isa = PBXSourcesBuildPhase;
			buildActionMask = 2147483647;
			files = (
				ABC44B232918F62D00BBE1A6 /* User.swift in Sources */,
				ABDA951F286996FA00C7C735 /* TextView.swift in Sources */,
				0483FA3C290669BC001866C9 /* IconView.swift in Sources */,
				AB7316812A6920B5006BB78A /* ColorExtension.swift in Sources */,
				ABAF1D1B283B78F100F890BC /* ContentView.swift in Sources */,
				AB58414C299B01D200FD9493 /* IndividualDetalisView.swift in Sources */,
				ABBA76A3299DD2570061CD50 /* WorkDatailAPIService.swift in Sources */,
				ABBA76A1299CFCE30061CD50 /* WorkViewModel.swift in Sources */,
				AA31E800290F9C9F00DCE061 /* TabBarView.swift in Sources */,
				0CD869B62A2497D90024F0BA /* GroupPageView.swift in Sources */,
				0CF733722A2DBB7200680560 /* CollectionView.swift in Sources */,
				AA31E7F828EAD00B00DCE061 /* FloatingActionButtonView.swift in Sources */,
				0CF733742A36FA2000680560 /* TagView.swift in Sources */,
				AA31E7FA28F542C700DCE061 /* TestView1.swift in Sources */,
				ABBA769F299CE6C40061CD50 /* Work.swift in Sources */,
				0CFE7BC3286A2A6500CA5119 /* ButtonView.swift in Sources */,
				ABC44B212918F62D00BBE1A6 /* LoginPage.swift in Sources */,
				ABC44B252918F62D00BBE1A6 /* LoginService.swift in Sources */,
				FC7EC30D28EAC89300600302 /* TextField.swift in Sources */,
				AADD20EC292B6A45008EE02E /* PublishingSettingToggleButtonView.swift in Sources */,
				ABC44B242918F62D00BBE1A6 /* APIServiceError.swift in Sources */,
				ABC44B202918F62D00BBE1A6 /* LoginViewModel.swift in Sources */,
				ABC44B272918F93200BBE1A6 /* portfolio_ios_swiftuiApp.swift in Sources */,
				0CD869B42A2485400024F0BA /* MyPageView.swift in Sources */,
				AA31E7FC28F542D900DCE061 /* TestView2.swift in Sources */,
				AB633C8A299F1A2100F57244 /* ImageSelectView.swift in Sources */,
				ABC44B222918F62D00BBE1A6 /* Auth.swift in Sources */,
				AB73167F2A691F26006BB78A /* TagView.swift in Sources */,
			);
			runOnlyForDeploymentPostprocessing = 0;
		};
/* End PBXSourcesBuildPhase section */

/* Begin XCBuildConfiguration section */
		ABAF1D21283B78F800F890BC /* Debug */ = {
			isa = XCBuildConfiguration;
			buildSettings = {
				ALWAYS_SEARCH_USER_PATHS = NO;
				CLANG_ANALYZER_NONNULL = YES;
				CLANG_ANALYZER_NUMBER_OBJECT_CONVERSION = YES_AGGRESSIVE;
				CLANG_CXX_LANGUAGE_STANDARD = "gnu++17";
				CLANG_ENABLE_MODULES = YES;
				CLANG_ENABLE_OBJC_ARC = YES;
				CLANG_ENABLE_OBJC_WEAK = YES;
				CLANG_WARN_BLOCK_CAPTURE_AUTORELEASING = YES;
				CLANG_WARN_BOOL_CONVERSION = YES;
				CLANG_WARN_COMMA = YES;
				CLANG_WARN_CONSTANT_CONVERSION = YES;
				CLANG_WARN_DEPRECATED_OBJC_IMPLEMENTATIONS = YES;
				CLANG_WARN_DIRECT_OBJC_ISA_USAGE = YES_ERROR;
				CLANG_WARN_DOCUMENTATION_COMMENTS = YES;
				CLANG_WARN_EMPTY_BODY = YES;
				CLANG_WARN_ENUM_CONVERSION = YES;
				CLANG_WARN_INFINITE_RECURSION = YES;
				CLANG_WARN_INT_CONVERSION = YES;
				CLANG_WARN_NON_LITERAL_NULL_CONVERSION = YES;
				CLANG_WARN_OBJC_IMPLICIT_RETAIN_SELF = YES;
				CLANG_WARN_OBJC_LITERAL_CONVERSION = YES;
				CLANG_WARN_OBJC_ROOT_CLASS = YES_ERROR;
				CLANG_WARN_QUOTED_INCLUDE_IN_FRAMEWORK_HEADER = YES;
				CLANG_WARN_RANGE_LOOP_ANALYSIS = YES;
				CLANG_WARN_STRICT_PROTOTYPES = YES;
				CLANG_WARN_SUSPICIOUS_MOVE = YES;
				CLANG_WARN_UNGUARDED_AVAILABILITY = YES_AGGRESSIVE;
				CLANG_WARN_UNREACHABLE_CODE = YES;
				CLANG_WARN__DUPLICATE_METHOD_MATCH = YES;
				COPY_PHASE_STRIP = NO;
				DEBUG_INFORMATION_FORMAT = dwarf;
				ENABLE_STRICT_OBJC_MSGSEND = YES;
				ENABLE_TESTABILITY = YES;
				GCC_C_LANGUAGE_STANDARD = gnu11;
				GCC_DYNAMIC_NO_PIC = NO;
				GCC_NO_COMMON_BLOCKS = YES;
				GCC_OPTIMIZATION_LEVEL = 0;
				GCC_PREPROCESSOR_DEFINITIONS = (
					"DEBUG=1",
					"$(inherited)",
				);
				GCC_WARN_64_TO_32_BIT_CONVERSION = YES;
				GCC_WARN_ABOUT_RETURN_TYPE = YES_ERROR;
				GCC_WARN_UNDECLARED_SELECTOR = YES;
				GCC_WARN_UNINITIALIZED_AUTOS = YES_AGGRESSIVE;
				GCC_WARN_UNUSED_FUNCTION = YES;
				GCC_WARN_UNUSED_VARIABLE = YES;
				IPHONEOS_DEPLOYMENT_TARGET = 16.4;
				MTL_ENABLE_DEBUG_INFO = INCLUDE_SOURCE;
				MTL_FAST_MATH = YES;
				ONLY_ACTIVE_ARCH = YES;
				SDKROOT = iphoneos;
				SWIFT_ACTIVE_COMPILATION_CONDITIONS = DEBUG;
				SWIFT_OPTIMIZATION_LEVEL = "-Onone";
			};
			name = Debug;
		};
		ABAF1D22283B78F800F890BC /* Release */ = {
			isa = XCBuildConfiguration;
			buildSettings = {
				ALWAYS_SEARCH_USER_PATHS = NO;
				CLANG_ANALYZER_NONNULL = YES;
				CLANG_ANALYZER_NUMBER_OBJECT_CONVERSION = YES_AGGRESSIVE;
				CLANG_CXX_LANGUAGE_STANDARD = "gnu++17";
				CLANG_ENABLE_MODULES = YES;
				CLANG_ENABLE_OBJC_ARC = YES;
				CLANG_ENABLE_OBJC_WEAK = YES;
				CLANG_WARN_BLOCK_CAPTURE_AUTORELEASING = YES;
				CLANG_WARN_BOOL_CONVERSION = YES;
				CLANG_WARN_COMMA = YES;
				CLANG_WARN_CONSTANT_CONVERSION = YES;
				CLANG_WARN_DEPRECATED_OBJC_IMPLEMENTATIONS = YES;
				CLANG_WARN_DIRECT_OBJC_ISA_USAGE = YES_ERROR;
				CLANG_WARN_DOCUMENTATION_COMMENTS = YES;
				CLANG_WARN_EMPTY_BODY = YES;
				CLANG_WARN_ENUM_CONVERSION = YES;
				CLANG_WARN_INFINITE_RECURSION = YES;
				CLANG_WARN_INT_CONVERSION = YES;
				CLANG_WARN_NON_LITERAL_NULL_CONVERSION = YES;
				CLANG_WARN_OBJC_IMPLICIT_RETAIN_SELF = YES;
				CLANG_WARN_OBJC_LITERAL_CONVERSION = YES;
				CLANG_WARN_OBJC_ROOT_CLASS = YES_ERROR;
				CLANG_WARN_QUOTED_INCLUDE_IN_FRAMEWORK_HEADER = YES;
				CLANG_WARN_RANGE_LOOP_ANALYSIS = YES;
				CLANG_WARN_STRICT_PROTOTYPES = YES;
				CLANG_WARN_SUSPICIOUS_MOVE = YES;
				CLANG_WARN_UNGUARDED_AVAILABILITY = YES_AGGRESSIVE;
				CLANG_WARN_UNREACHABLE_CODE = YES;
				CLANG_WARN__DUPLICATE_METHOD_MATCH = YES;
				COPY_PHASE_STRIP = NO;
				DEBUG_INFORMATION_FORMAT = "dwarf-with-dsym";
				ENABLE_NS_ASSERTIONS = NO;
				ENABLE_STRICT_OBJC_MSGSEND = YES;
				GCC_C_LANGUAGE_STANDARD = gnu11;
				GCC_NO_COMMON_BLOCKS = YES;
				GCC_WARN_64_TO_32_BIT_CONVERSION = YES;
				GCC_WARN_ABOUT_RETURN_TYPE = YES_ERROR;
				GCC_WARN_UNDECLARED_SELECTOR = YES;
				GCC_WARN_UNINITIALIZED_AUTOS = YES_AGGRESSIVE;
				GCC_WARN_UNUSED_FUNCTION = YES;
				GCC_WARN_UNUSED_VARIABLE = YES;
				IPHONEOS_DEPLOYMENT_TARGET = 16.4;
				MTL_ENABLE_DEBUG_INFO = NO;
				MTL_FAST_MATH = YES;
				SDKROOT = iphoneos;
				SWIFT_COMPILATION_MODE = wholemodule;
				SWIFT_OPTIMIZATION_LEVEL = "-O";
				VALIDATE_PRODUCT = YES;
			};
			name = Release;
		};
		ABAF1D24283B78F800F890BC /* Debug */ = {
			isa = XCBuildConfiguration;
			buildSettings = {
				ASSETCATALOG_COMPILER_APPICON_NAME = AppIcon;
				ASSETCATALOG_COMPILER_GLOBAL_ACCENT_COLOR_NAME = AccentColor;
				CODE_SIGN_STYLE = Automatic;
				CURRENT_PROJECT_VERSION = 1;
				DEVELOPMENT_ASSET_PATHS = "\"portfolio-ios-swiftui/Preview Content\"";
				DEVELOPMENT_TEAM = 96HRR7LBPW;
				ENABLE_PREVIEWS = YES;
				GENERATE_INFOPLIST_FILE = YES;
				INFOPLIST_FILE = "portfolio-ios-swiftui/Info.plist";
				INFOPLIST_KEY_UIApplicationSceneManifest_Generation = YES;
				INFOPLIST_KEY_UIApplicationSupportsIndirectInputEvents = YES;
				INFOPLIST_KEY_UILaunchScreen_Generation = YES;
				INFOPLIST_KEY_UISupportedInterfaceOrientations_iPad = "UIInterfaceOrientationPortrait UIInterfaceOrientationPortraitUpsideDown UIInterfaceOrientationLandscapeLeft UIInterfaceOrientationLandscapeRight";
				IPHONEOS_DEPLOYMENT_TARGET = 15.2;
				LD_RUNPATH_SEARCH_PATHS = (
					"$(inherited)",
					"@executable_path/Frameworks",
				);
				MARKETING_VERSION = 1.0;
				PRODUCT_BUNDLE_IDENTIFIER = "jp.ac.fun.portfolio-ios-swiftui";
				PRODUCT_NAME = "$(TARGET_NAME)";
				SWIFT_EMIT_LOC_STRINGS = YES;
				SWIFT_VERSION = 5.0;
				TARGETED_DEVICE_FAMILY = "1,2";
			};
			name = Debug;
		};
		ABAF1D25283B78F800F890BC /* Release */ = {
			isa = XCBuildConfiguration;
			buildSettings = {
				ASSETCATALOG_COMPILER_APPICON_NAME = AppIcon;
				ASSETCATALOG_COMPILER_GLOBAL_ACCENT_COLOR_NAME = AccentColor;
				CODE_SIGN_STYLE = Automatic;
				CURRENT_PROJECT_VERSION = 1;
				DEVELOPMENT_ASSET_PATHS = "\"portfolio-ios-swiftui/Preview Content\"";
				ENABLE_PREVIEWS = YES;
				GENERATE_INFOPLIST_FILE = YES;
				INFOPLIST_FILE = "portfolio-ios-swiftui/Info.plist";
				INFOPLIST_KEY_UIApplicationSceneManifest_Generation = YES;
				INFOPLIST_KEY_UIApplicationSupportsIndirectInputEvents = YES;
				INFOPLIST_KEY_UILaunchScreen_Generation = YES;
				INFOPLIST_KEY_UISupportedInterfaceOrientations_iPad = "UIInterfaceOrientationPortrait UIInterfaceOrientationPortraitUpsideDown UIInterfaceOrientationLandscapeLeft UIInterfaceOrientationLandscapeRight";
				IPHONEOS_DEPLOYMENT_TARGET = 15.2;
				LD_RUNPATH_SEARCH_PATHS = (
					"$(inherited)",
					"@executable_path/Frameworks",
				);
				MARKETING_VERSION = 1.0;
				PRODUCT_BUNDLE_IDENTIFIER = "jp.ac.fun.portfolio-ios-swiftui";
				PRODUCT_NAME = "$(TARGET_NAME)";
				SWIFT_EMIT_LOC_STRINGS = YES;
				SWIFT_VERSION = 5.0;
				TARGETED_DEVICE_FAMILY = "1,2";
			};
			name = Release;
		};
/* End XCBuildConfiguration section */

/* Begin XCConfigurationList section */
		ABAF1D10283B78F100F890BC /* Build configuration list for PBXProject "portfolio-ios-swiftui" */ = {
			isa = XCConfigurationList;
			buildConfigurations = (
				ABAF1D21283B78F800F890BC /* Debug */,
				ABAF1D22283B78F800F890BC /* Release */,
			);
			defaultConfigurationIsVisible = 0;
			defaultConfigurationName = Release;
		};
		ABAF1D23283B78F800F890BC /* Build configuration list for PBXNativeTarget "portfolio-ios-swiftui" */ = {
			isa = XCConfigurationList;
			buildConfigurations = (
				ABAF1D24283B78F800F890BC /* Debug */,
				ABAF1D25283B78F800F890BC /* Release */,
			);
			defaultConfigurationIsVisible = 0;
			defaultConfigurationName = Release;
		};
/* End XCConfigurationList section */

/* Begin XCRemoteSwiftPackageReference section */
		AB58414D299B520F00FD9493 /* XCRemoteSwiftPackageReference "YouTubePlayerKit" */ = {
			isa = XCRemoteSwiftPackageReference;
			repositoryURL = "https://github.com/SvenTiigi/YouTubePlayerKit.git";
			requirement = {
				kind = upToNextMajorVersion;
				minimumVersion = 1.0.0;
			};
		};
/* End XCRemoteSwiftPackageReference section */

/* Begin XCSwiftPackageProductDependency section */
		AB58414E299B520F00FD9493 /* YouTubePlayerKit */ = {
			isa = XCSwiftPackageProductDependency;
			package = AB58414D299B520F00FD9493 /* XCRemoteSwiftPackageReference "YouTubePlayerKit" */;
			productName = YouTubePlayerKit;
		};
/* End XCSwiftPackageProductDependency section */
	};
	rootObject = ABAF1D0D283B78F100F890BC /* Project object */;
}
